
Microsoft Visual Studio Solution File, Format Version 12.00
# Visual Studio 15
VisualStudioVersion = 15.0.28307.489
MinimumVisualStudioVersion = 10.0.40219.1
Project("{888888A0-9F3D-457C-B088-3A5042F75D52}") = "TestDbConnection", "TestDbConnection\TestDbConnection.pyproj", "{2EF3406D-E163-4234-BAD4-C597388789E4}"
EndProject
Global
	GlobalSection(SolutionConfigurationPlatforms) = preSolution
		Debug|Any CPU = Debug|Any CPU
		Release|Any CPU = Release|Any CPU
	EndGlobalSection
	GlobalSection(ProjectConfigurationPlatforms) = postSolution
		{2EF3406D-E163-4234-BAD4-C597388789E4}.Debug|Any CPU.ActiveCfg = Debug|Any CPU
		{2EF3406D-E163-4234-BAD4-C597388789E4}.Release|Any CPU.ActiveCfg = Release|Any CPU
	EndGlobalSection
	GlobalSection(SolutionProperties) = preSolution
		HideSolutionNode = FALSE
	EndGlobalSection
	GlobalSection(ExtensibilityGlobals) = postSolution
		SolutionGuid = {2269C09A-D531-4C22-BA3F-2C9F5066334E}
	EndGlobalSection
EndGlobal
